
Microsoft Visual Studio Solution File, Format Version 11.00
# Visual Studio 2010
Project("{FAE04EC0-301F-11D3-BF4B-00C04F79EFBC}") = "MetroSplash", "MetroSplash\MetroSplash.csproj", "{EB53B42B-F318-455B-A235-BC1648CDBA9E}"
EndProject
Project("{FAE04EC0-301F-11D3-BF4B-00C04F79EFBC}") = "MetroSplash.Web", "MetroSplash.Web\MetroSplash.Web.csproj", "{62551041-9BC3-46A7-85FA-4446A72F116E}"
EndProject
Global
	GlobalSection(SolutionConfigurationPlatforms) = preSolution
		Debug|Any CPU = Debug|Any CPU
		Release|Any CPU = Release|Any CPU
	EndGlobalSection
	GlobalSection(ProjectConfigurationPlatforms) = postSolution
		{EB53B42B-F318-455B-A235-BC1648CDBA9E}.Debug|Any CPU.ActiveCfg = Debug|Any CPU
		{EB53B42B-F318-455B-A235-BC1648CDBA9E}.Debug|Any CPU.Build.0 = Debug|Any CPU
		{EB53B42B-F318-455B-A235-BC1648CDBA9E}.Release|Any CPU.ActiveCfg = Release|Any CPU
		{EB53B42B-F318-455B-A235-BC1648CDBA9E}.Release|Any CPU.Build.0 = Release|Any CPU
		{62551041-9BC3-46A7-85FA-4446A72F116E}.Debug|Any CPU.ActiveCfg = Debug|Any CPU
		{62551041-9BC3-46A7-85FA-4446A72F116E}.Debug|Any CPU.Build.0 = Debug|Any CPU
		{62551041-9BC3-46A7-85FA-4446A72F116E}.Release|Any CPU.ActiveCfg = Release|Any CPU
		{62551041-9BC3-46A7-85FA-4446A72F116E}.Release|Any CPU.Build.0 = Release|Any CPU
	EndGlobalSection
	GlobalSection(SolutionProperties) = preSolution
		HideSolutionNode = FALSE
	EndGlobalSection
EndGlobal
